
Microsoft Visual Studio Solution File, Format Version 12.00
# Visual Studio 2013
VisualStudioVersion = 12.0.21005.1
MinimumVisualStudioVersion = 10.0.40219.1
Project("{FAE04EC0-301F-11D3-BF4B-00C04F79EFBC}") = "simplex.core", "src\simplex.core\simplex.core.csproj", "{618B8A61-875E-4A99-B77E-4E8D92D75AFC}"
EndProject
Project("{FAE04EC0-301F-11D3-BF4B-00C04F79EFBC}") = "simplex.core.test", "test\simplex.core.test\simplex.core.test.csproj", "{7D07E880-5B00-4A09-98BF-4FBBC9E5A180}"
EndProject
Global
	GlobalSection(SolutionConfigurationPlatforms) = preSolution
		Debug|Any CPU = Debug|Any CPU
		Release|Any CPU = Release|Any CPU
	EndGlobalSection
	GlobalSection(ProjectConfigurationPlatforms) = postSolution
		{618B8A61-875E-4A99-B77E-4E8D92D75AFC}.Debug|Any CPU.ActiveCfg = Debug|Any CPU
		{618B8A61-875E-4A99-B77E-4E8D92D75AFC}.Debug|Any CPU.Build.0 = Debug|Any CPU
		{618B8A61-875E-4A99-B77E-4E8D92D75AFC}.Release|Any CPU.ActiveCfg = Release|Any CPU
		{618B8A61-875E-4A99-B77E-4E8D92D75AFC}.Release|Any CPU.Build.0 = Release|Any CPU
		{7D07E880-5B00-4A09-98BF-4FBBC9E5A180}.Debug|Any CPU.ActiveCfg = Debug|Any CPU
		{7D07E880-5B00-4A09-98BF-4FBBC9E5A180}.Debug|Any CPU.Build.0 = Debug|Any CPU
		{7D07E880-5B00-4A09-98BF-4FBBC9E5A180}.Release|Any CPU.ActiveCfg = Release|Any CPU
		{7D07E880-5B00-4A09-98BF-4FBBC9E5A180}.Release|Any CPU.Build.0 = Release|Any CPU
	EndGlobalSection
	GlobalSection(SolutionProperties) = preSolution
		HideSolutionNode = FALSE
	EndGlobalSection
EndGlobal
